
Microsoft Visual Studio Solution File, Format Version 12.00
# Visual Studio Version 16
VisualStudioVersion = 16.0.32602.291
MinimumVisualStudioVersion = 10.0.40219.1
Project("{FAE04EC0-301F-11D3-BF4B-00C04F79EFBC}") = "EjericioFinal_AgendaConArchivos", "EjericioFinal_AgendaConArchivos\EjericioFinal_AgendaConArchivos.csproj", "{ADEFB097-7450-4A93-9A91-DD3305104E96}"
EndProject
Global
	GlobalSection(SolutionConfigurationPlatforms) = preSolution
		Debug|Any CPU = Debug|Any CPU
		Release|Any CPU = Release|Any CPU
	EndGlobalSection
	GlobalSection(ProjectConfigurationPlatforms) = postSolution
		{ADEFB097-7450-4A93-9A91-DD3305104E96}.Debug|Any CPU.ActiveCfg = Debug|Any CPU
		{ADEFB097-7450-4A93-9A91-DD3305104E96}.Debug|Any CPU.Build.0 = Debug|Any CPU
		{ADEFB097-7450-4A93-9A91-DD3305104E96}.Release|Any CPU.ActiveCfg = Release|Any CPU
		{ADEFB097-7450-4A93-9A91-DD3305104E96}.Release|Any CPU.Build.0 = Release|Any CPU
	EndGlobalSection
	GlobalSection(SolutionProperties) = preSolution
		HideSolutionNode = FALSE
	EndGlobalSection
	GlobalSection(ExtensibilityGlobals) = postSolution
		SolutionGuid = {0EF89D3A-2717-451D-BAF9-7FE5E65B7FDF}
	EndGlobalSection
EndGlobal
